// !$*UTF8*$!
{
	archiveVersion = 1;
	classes = {
	};
	objectVersion = 56;
	objects = {

/* Begin PBXBuildFile section */
		2E24264329DD0C180074F6E0 /* bottonView_stroke.swift in Sources */ = {isa = PBXBuildFile; fileRef = 2E24264229DD0C180074F6E0 /* bottonView_stroke.swift */; };
		2E24264529DD0CC80074F6E0 /* login_view.swift in Sources */ = {isa = PBXBuildFile; fileRef = 2E24264429DD0CC80074F6E0 /* login_view.swift */; };
		2E24264729DD2E490074F6E0 /* registroView.swift in Sources */ = {isa = PBXBuildFile; fileRef = 2E24264629DD2E490074F6E0 /* registroView.swift */; };
		2E328F1F29DD3493009E4C01 /* emotionsView.swift in Sources */ = {isa = PBXBuildFile; fileRef = 2E328F1E29DD3493009E4C01 /* emotionsView.swift */; };
		2E328F2229DD3854009E4C01 /* TextExtensions.swift in Sources */ = {isa = PBXBuildFile; fileRef = 2E328F2129DD3854009E4C01 /* TextExtensions.swift */; };
		2E3A88722A02212D00D7CA5A /* ProfileView.swift in Sources */ = {isa = PBXBuildFile; fileRef = 2E3A88712A02212D00D7CA5A /* ProfileView.swift */; };
		2E3A88742A02236C00D7CA5A /* btn_Cuadrado.swift in Sources */ = {isa = PBXBuildFile; fileRef = 2E3A88732A02236C00D7CA5A /* btn_Cuadrado.swift */; };
		2E73209429AEC6A50050E03B /* TabStuffView.swift in Sources */ = {isa = PBXBuildFile; fileRef = 2E73209329AEC6A50050E03B /* TabStuffView.swift */; };
		2E73209629AEC7DB0050E03B /* ChatView.swift in Sources */ = {isa = PBXBuildFile; fileRef = 2E73209529AEC7DB0050E03B /* ChatView.swift */; };
		2EA82C5629F8E9F90077CA37 /* countEmotions.swift in Sources */ = {isa = PBXBuildFile; fileRef = 2EA82C5529F8E9F90077CA37 /* countEmotions.swift */; };
		2EA82C5829F8F1B10077CA37 /* emotions.swift in Sources */ = {isa = PBXBuildFile; fileRef = 2EA82C5729F8F1B10077CA37 /* emotions.swift */; };
		2EA9A39429CBB0F60065A46D /* AddNewTask.swift in Sources */ = {isa = PBXBuildFile; fileRef = 2EA9A39329CBB0F60065A46D /* AddNewTask.swift */; };
		2EA9A39629CBB1CE0065A46D /* GraficaView.swift in Sources */ = {isa = PBXBuildFile; fileRef = 2EA9A39529CBB1CE0065A46D /* GraficaView.swift */; };
		2EB036462A25C83600128E54 /* UserModel.swift in Sources */ = {isa = PBXBuildFile; fileRef = 2EB036452A25C83600128E54 /* UserModel.swift */; };
		2EB036482A25CD5C00128E54 /* psicologoModelo.swift in Sources */ = {isa = PBXBuildFile; fileRef = 2EB036472A25CD5C00128E54 /* psicologoModelo.swift */; };
		2EB0364A2A25CDFA00128E54 /* HelpView.swift in Sources */ = {isa = PBXBuildFile; fileRef = 2EB036492A25CDFA00128E54 /* HelpView.swift */; };
		2ED0E99629ADD4810028B9B6 /* PostMindeApp.swift in Sources */ = {isa = PBXBuildFile; fileRef = 2ED0E99529ADD4810028B9B6 /* PostMindeApp.swift */; };
		2ED0E99829ADD4810028B9B6 /* ContentView.swift in Sources */ = {isa = PBXBuildFile; fileRef = 2ED0E99729ADD4810028B9B6 /* ContentView.swift */; };
		2ED0E99A29ADD4830028B9B6 /* Assets.xcassets in Resources */ = {isa = PBXBuildFile; fileRef = 2ED0E99929ADD4830028B9B6 /* Assets.xcassets */; };
		2ED0E99D29ADD4830028B9B6 /* Preview Assets.xcassets in Resources */ = {isa = PBXBuildFile; fileRef = 2ED0E99C29ADD4830028B9B6 /* Preview Assets.xcassets */; };
		2ED0E9A529ADD6680028B9B6 /* RoundRectangleTextField.swift in Sources */ = {isa = PBXBuildFile; fileRef = 2ED0E9A429ADD6680028B9B6 /* RoundRectangleTextField.swift */; };
		2ED0E9A729ADD8140028B9B6 /* btnView_lleno.swift in Sources */ = {isa = PBXBuildFile; fileRef = 2ED0E9A629ADD8140028B9B6 /* btnView_lleno.swift */; };
		2ED0E9A929ADDDC50028B9B6 /* HomeView.swift in Sources */ = {isa = PBXBuildFile; fileRef = 2ED0E9A829ADDDC50028B9B6 /* HomeView.swift */; };
		2EDCD14D29CA23A4006899BB /* BitocoraView.swift in Sources */ = {isa = PBXBuildFile; fileRef = 2EDCD14C29CA23A4006899BB /* BitocoraView.swift */; };
		2EDCD15229CA244D006899BB /* ListaBitacoraView.swift in Sources */ = {isa = PBXBuildFile; fileRef = 2EDCD15129CA244D006899BB /* ListaBitacoraView.swift */; };
		2EDCD15629CA2779006899BB /* ActividadModelo.swift in Sources */ = {isa = PBXBuildFile; fileRef = 2EDCD15529CA2779006899BB /* ActividadModelo.swift */; };
/* End PBXBuildFile section */

/* Begin PBXFileReference section */
		2E24264229DD0C180074F6E0 /* bottonView_stroke.swift */ = {isa = PBXFileReference; lastKnownFileType = sourcecode.swift; path = bottonView_stroke.swift; sourceTree = "<group>"; };
		2E24264429DD0CC80074F6E0 /* login_view.swift */ = {isa = PBXFileReference; lastKnownFileType = sourcecode.swift; path = login_view.swift; sourceTree = "<group>"; };
		2E24264629DD2E490074F6E0 /* registroView.swift */ = {isa = PBXFileReference; lastKnownFileType = sourcecode.swift; path = registroView.swift; sourceTree = "<group>"; };
		2E328F1E29DD3493009E4C01 /* emotionsView.swift */ = {isa = PBXFileReference; lastKnownFileType = sourcecode.swift; path = emotionsView.swift; sourceTree = "<group>"; };
		2E328F2129DD3854009E4C01 /* TextExtensions.swift */ = {isa = PBXFileReference; lastKnownFileType = sourcecode.swift; path = TextExtensions.swift; sourceTree = "<group>"; };
		2E328F2429DD3904009E4C01 /* title.ttf */ = {isa = PBXFileReference; lastKnownFileType = file; path = title.ttf; sourceTree = "<group>"; };
		2E328F2529DD3932009E4C01 /* Info.plist */ = {isa = PBXFileReference; lastKnownFileType = text.plist; path = Info.plist; sourceTree = "<group>"; };
		2E3A88712A02212D00D7CA5A /* ProfileView.swift */ = {isa = PBXFileReference; lastKnownFileType = sourcecode.swift; path = ProfileView.swift; sourceTree = "<group>"; };
		2E3A88732A02236C00D7CA5A /* btn_Cuadrado.swift */ = {isa = PBXFileReference; lastKnownFileType = sourcecode.swift; path = btn_Cuadrado.swift; sourceTree = "<group>"; };
		2E73209329AEC6A50050E03B /* TabStuffView.swift */ = {isa = PBXFileReference; lastKnownFileType = sourcecode.swift; path = TabStuffView.swift; sourceTree = "<group>"; };
		2E73209529AEC7DB0050E03B /* ChatView.swift */ = {isa = PBXFileReference; lastKnownFileType = sourcecode.swift; path = ChatView.swift; sourceTree = "<group>"; };
		2EA82C5529F8E9F90077CA37 /* countEmotions.swift */ = {isa = PBXFileReference; lastKnownFileType = sourcecode.swift; path = countEmotions.swift; sourceTree = "<group>"; };
		2EA82C5729F8F1B10077CA37 /* emotions.swift */ = {isa = PBXFileReference; lastKnownFileType = sourcecode.swift; path = emotions.swift; sourceTree = "<group>"; };
		2EA9A39329CBB0F60065A46D /* AddNewTask.swift */ = {isa = PBXFileReference; lastKnownFileType = sourcecode.swift; path = AddNewTask.swift; sourceTree = "<group>"; };
		2EA9A39529CBB1CE0065A46D /* GraficaView.swift */ = {isa = PBXFileReference; lastKnownFileType = sourcecode.swift; path = GraficaView.swift; sourceTree = "<group>"; };
		2EB036452A25C83600128E54 /* UserModel.swift */ = {isa = PBXFileReference; lastKnownFileType = sourcecode.swift; path = UserModel.swift; sourceTree = "<group>"; };
		2EB036472A25CD5C00128E54 /* psicologoModelo.swift */ = {isa = PBXFileReference; lastKnownFileType = sourcecode.swift; path = psicologoModelo.swift; sourceTree = "<group>"; };
		2EB036492A25CDFA00128E54 /* HelpView.swift */ = {isa = PBXFileReference; lastKnownFileType = sourcecode.swift; path = HelpView.swift; sourceTree = "<group>"; };
		2ED0E99229ADD4810028B9B6 /* PostMinde.app */ = {isa = PBXFileReference; explicitFileType = wrapper.application; includeInIndex = 0; path = PostMinde.app; sourceTree = BUILT_PRODUCTS_DIR; };
		2ED0E99529ADD4810028B9B6 /* PostMindeApp.swift */ = {isa = PBXFileReference; lastKnownFileType = sourcecode.swift; path = PostMindeApp.swift; sourceTree = "<group>"; };
		2ED0E99729ADD4810028B9B6 /* ContentView.swift */ = {isa = PBXFileReference; lastKnownFileType = sourcecode.swift; path = ContentView.swift; sourceTree = "<group>"; };
		2ED0E99929ADD4830028B9B6 /* Assets.xcassets */ = {isa = PBXFileReference; lastKnownFileType = folder.assetcatalog; path = Assets.xcassets; sourceTree = "<group>"; };
		2ED0E99C29ADD4830028B9B6 /* Preview Assets.xcassets */ = {isa = PBXFileReference; lastKnownFileType = folder.assetcatalog; path = "Preview Assets.xcassets"; sourceTree = "<group>"; };
		2ED0E9A429ADD6680028B9B6 /* RoundRectangleTextField.swift */ = {isa = PBXFileReference; lastKnownFileType = sourcecode.swift; path = RoundRectangleTextField.swift; sourceTree = "<group>"; };
		2ED0E9A629ADD8140028B9B6 /* btnView_lleno.swift */ = {isa = PBXFileReference; lastKnownFileType = sourcecode.swift; path = btnView_lleno.swift; sourceTree = "<group>"; };
		2ED0E9A829ADDDC50028B9B6 /* HomeView.swift */ = {isa = PBXFileReference; lastKnownFileType = sourcecode.swift; path = HomeView.swift; sourceTree = "<group>"; };
		2EDCD14C29CA23A4006899BB /* BitocoraView.swift */ = {isa = PBXFileReference; lastKnownFileType = sourcecode.swift; path = BitocoraView.swift; sourceTree = "<group>"; };
		2EDCD15129CA244D006899BB /* ListaBitacoraView.swift */ = {isa = PBXFileReference; lastKnownFileType = sourcecode.swift; path = ListaBitacoraView.swift; sourceTree = "<group>"; };
		2EDCD15529CA2779006899BB /* ActividadModelo.swift */ = {isa = PBXFileReference; lastKnownFileType = sourcecode.swift; path = ActividadModelo.swift; sourceTree = "<group>"; };
/* End PBXFileReference section */

/* Begin PBXFrameworksBuildPhase section */
		2ED0E98F29ADD4810028B9B6 /* Frameworks */ = {
			isa = PBXFrameworksBuildPhase;
			buildActionMask = 2147483647;
			files = (
			);
			runOnlyForDeploymentPostprocessing = 0;
		};
/* End PBXFrameworksBuildPhase section */

/* Begin PBXGroup section */
		2E328F2029DD3844009E4C01 /* Extensions */ = {
			isa = PBXGroup;
			children = (
				2E328F2129DD3854009E4C01 /* TextExtensions.swift */,
			);
			path = Extensions;
			sourceTree = "<group>";
		};
		2E328F2329DD38F6009E4C01 /* fonts */ = {
			isa = PBXGroup;
			children = (
				2E328F2429DD3904009E4C01 /* title.ttf */,
			);
			path = fonts;
			sourceTree = "<group>";
		};
		2EA82C5429F8E9E70077CA37 /* ModelView */ = {
			isa = PBXGroup;
			children = (
				2EA82C5529F8E9F90077CA37 /* countEmotions.swift */,
				2EA82C5729F8F1B10077CA37 /* emotions.swift */,
			);
			path = ModelView;
			sourceTree = "<group>";
		};
		2ED0E98929ADD4810028B9B6 = {
			isa = PBXGroup;
			children = (
				2ED0E99429ADD4810028B9B6 /* PostMinde */,
				2ED0E99329ADD4810028B9B6 /* Products */,
			);
			sourceTree = "<group>";
		};
		2ED0E99329ADD4810028B9B6 /* Products */ = {
			isa = PBXGroup;
			children = (
				2ED0E99229ADD4810028B9B6 /* PostMinde.app */,
			);
			name = Products;
			sourceTree = "<group>";
		};
		2ED0E99429ADD4810028B9B6 /* PostMinde */ = {
			isa = PBXGroup;
			children = (
				2E328F2529DD3932009E4C01 /* Info.plist */,
				2E328F2329DD38F6009E4C01 /* fonts */,
				2ED0E99529ADD4810028B9B6 /* PostMindeApp.swift */,
				2ED0E9A329ADD4C60028B9B6 /* Views */,
				2EDCD15429CA2761006899BB /* Modelos */,
				2ED0E99929ADD4830028B9B6 /* Assets.xcassets */,
				2ED0E99B29ADD4830028B9B6 /* Preview Content */,
			);
			path = PostMinde;
			sourceTree = "<group>";
		};
		2ED0E99B29ADD4830028B9B6 /* Preview Content */ = {
			isa = PBXGroup;
			children = (
				2ED0E99C29ADD4830028B9B6 /* Preview Assets.xcassets */,
			);
			path = "Preview Content";
			sourceTree = "<group>";
		};
		2ED0E9A329ADD4C60028B9B6 /* Views */ = {
			isa = PBXGroup;
			children = (
				2EA82C5429F8E9E70077CA37 /* ModelView */,
				2E328F2029DD3844009E4C01 /* Extensions */,
				2EDCD15029CA23BA006899BB /* Componentes */,
				2ED0E99729ADD4810028B9B6 /* ContentView.swift */,
				2ED0E9A829ADDDC50028B9B6 /* HomeView.swift */,
				2E73209329AEC6A50050E03B /* TabStuffView.swift */,
				2E73209529AEC7DB0050E03B /* ChatView.swift */,
				2EDCD14C29CA23A4006899BB /* BitocoraView.swift */,
				2EA9A39329CBB0F60065A46D /* AddNewTask.swift */,
				2E24264629DD2E490074F6E0 /* registroView.swift */,
				2E24264429DD0CC80074F6E0 /* login_view.swift */,
				2E328F1E29DD3493009E4C01 /* emotionsView.swift */,
				2E3A88712A02212D00D7CA5A /* ProfileView.swift */,
				2EB036492A25CDFA00128E54 /* HelpView.swift */,
			);
			path = Views;
			sourceTree = "<group>";
		};
		2EDCD15029CA23BA006899BB /* Componentes */ = {
			isa = PBXGroup;
			children = (
				2ED0E9A629ADD8140028B9B6 /* btnView_lleno.swift */,
				2EDCD15129CA244D006899BB /* ListaBitacoraView.swift */,
				2EA9A39529CBB1CE0065A46D /* GraficaView.swift */,
				2ED0E9A429ADD6680028B9B6 /* RoundRectangleTextField.swift */,
				2E24264229DD0C180074F6E0 /* bottonView_stroke.swift */,
				2E3A88732A02236C00D7CA5A /* btn_Cuadrado.swift */,
			);
			path = Componentes;
			sourceTree = "<group>";
		};
		2EDCD15429CA2761006899BB /* Modelos */ = {
			isa = PBXGroup;
			children = (
				2EDCD15529CA2779006899BB /* ActividadModelo.swift */,
				2EB036452A25C83600128E54 /* UserModel.swift */,
				2EB036472A25CD5C00128E54 /* psicologoModelo.swift */,
			);
			path = Modelos;
			sourceTree = "<group>";
		};
/* End PBXGroup section */

/* Begin PBXNativeTarget section */
		2ED0E99129ADD4810028B9B6 /* PostMinde */ = {
			isa = PBXNativeTarget;
			buildConfigurationList = 2ED0E9A029ADD4830028B9B6 /* Build configuration list for PBXNativeTarget "PostMinde" */;
			buildPhases = (
				2ED0E98E29ADD4810028B9B6 /* Sources */,
				2ED0E98F29ADD4810028B9B6 /* Frameworks */,
				2ED0E99029ADD4810028B9B6 /* Resources */,
			);
			buildRules = (
			);
			dependencies = (
			);
			name = PostMinde;
			productName = PostMinde;
			productReference = 2ED0E99229ADD4810028B9B6 /* PostMinde.app */;
			productType = "com.apple.product-type.application";
		};
/* End PBXNativeTarget section */

/* Begin PBXProject section */
		2ED0E98A29ADD4810028B9B6 /* Project object */ = {
			isa = PBXProject;
			attributes = {
				BuildIndependentTargetsInParallel = 1;
				LastSwiftUpdateCheck = 1420;
				LastUpgradeCheck = 1420;
				TargetAttributes = {
					2ED0E99129ADD4810028B9B6 = {
						CreatedOnToolsVersion = 14.2;
					};
				};
			};
			buildConfigurationList = 2ED0E98D29ADD4810028B9B6 /* Build configuration list for PBXProject "PostMinde" */;
			compatibilityVersion = "Xcode 14.0";
			developmentRegion = en;
			hasScannedForEncodings = 0;
			knownRegions = (
				en,
				Base,
			);
			mainGroup = 2ED0E98929ADD4810028B9B6;
			productRefGroup = 2ED0E99329ADD4810028B9B6 /* Products */;
			projectDirPath = "";
			projectRoot = "";
			targets = (
				2ED0E99129ADD4810028B9B6 /* PostMinde */,
			);
		};
/* End PBXProject section */

/* Begin PBXResourcesBuildPhase section */
		2ED0E99029ADD4810028B9B6 /* Resources */ = {
			isa = PBXResourcesBuildPhase;
			buildActionMask = 2147483647;
			files = (
				2ED0E99D29ADD4830028B9B6 /* Preview Assets.xcassets in Resources */,
				2ED0E99A29ADD4830028B9B6 /* Assets.xcassets in Resources */,
			);
			runOnlyForDeploymentPostprocessing = 0;
		};
/* End PBXResourcesBuildPhase section */

/* Begin PBXSourcesBuildPhase section */
		2ED0E98E29ADD4810028B9B6 /* Sources */ = {
			isa = PBXSourcesBuildPhase;
			buildActionMask = 2147483647;
			files = (
				2EA9A39629CBB1CE0065A46D /* GraficaView.swift in Sources */,
				2ED0E9A529ADD6680028B9B6 /* RoundRectangleTextField.swift in Sources */,
				2EA82C5829F8F1B10077CA37 /* emotions.swift in Sources */,
				2ED0E99829ADD4810028B9B6 /* ContentView.swift in Sources */,
				2EB0364A2A25CDFA00128E54 /* HelpView.swift in Sources */,
				2E73209629AEC7DB0050E03B /* ChatView.swift in Sources */,
				2EDCD14D29CA23A4006899BB /* BitocoraView.swift in Sources */,
				2EB036482A25CD5C00128E54 /* psicologoModelo.swift in Sources */,
				2ED0E99629ADD4810028B9B6 /* PostMindeApp.swift in Sources */,
				2E328F1F29DD3493009E4C01 /* emotionsView.swift in Sources */,
				2EDCD15229CA244D006899BB /* ListaBitacoraView.swift in Sources */,
				2ED0E9A929ADDDC50028B9B6 /* HomeView.swift in Sources */,
				2EB036462A25C83600128E54 /* UserModel.swift in Sources */,
				2E24264529DD0CC80074F6E0 /* login_view.swift in Sources */,
				2E328F2229DD3854009E4C01 /* TextExtensions.swift in Sources */,
				2E24264729DD2E490074F6E0 /* registroView.swift in Sources */,
				2E24264329DD0C180074F6E0 /* bottonView_stroke.swift in Sources */,
				2EA82C5629F8E9F90077CA37 /* countEmotions.swift in Sources */,
				2E3A88742A02236C00D7CA5A /* btn_Cuadrado.swift in Sources */,
				2E73209429AEC6A50050E03B /* TabStuffView.swift in Sources */,
				2ED0E9A729ADD8140028B9B6 /* btnView_lleno.swift in Sources */,
				2EDCD15629CA2779006899BB /* ActividadModelo.swift in Sources */,
				2E3A88722A02212D00D7CA5A /* ProfileView.swift in Sources */,
				2EA9A39429CBB0F60065A46D /* AddNewTask.swift in Sources */,
			);
			runOnlyForDeploymentPostprocessing = 0;
		};
/* End PBXSourcesBuildPhase section */

/* Begin XCBuildConfiguration section */
		2ED0E99E29ADD4830028B9B6 /* Debug */ = {
			isa = XCBuildConfiguration;
			buildSettings = {
				ALWAYS_SEARCH_USER_PATHS = NO;
				CLANG_ANALYZER_NONNULL = YES;
				CLANG_ANALYZER_NUMBER_OBJECT_CONVERSION = YES_AGGRESSIVE;
				CLANG_CXX_LANGUAGE_STANDARD = "gnu++20";
				CLANG_ENABLE_MODULES = YES;
				CLANG_ENABLE_OBJC_ARC = YES;
				CLANG_ENABLE_OBJC_WEAK = YES;
				CLANG_WARN_BLOCK_CAPTURE_AUTORELEASING = YES;
				CLANG_WARN_BOOL_CONVERSION = YES;
				CLANG_WARN_COMMA = YES;
				CLANG_WARN_CONSTANT_CONVERSION = YES;
				CLANG_WARN_DEPRECATED_OBJC_IMPLEMENTATIONS = YES;
				CLANG_WARN_DIRECT_OBJC_ISA_USAGE = YES_ERROR;
				CLANG_WARN_DOCUMENTATION_COMMENTS = YES;
				CLANG_WARN_EMPTY_BODY = YES;
				CLANG_WARN_ENUM_CONVERSION = YES;
				CLANG_WARN_INFINITE_RECURSION = YES;
				CLANG_WARN_INT_CONVERSION = YES;
				CLANG_WARN_NON_LITERAL_NULL_CONVERSION = YES;
				CLANG_WARN_OBJC_IMPLICIT_RETAIN_SELF = YES;
				CLANG_WARN_OBJC_LITERAL_CONVERSION = YES;
				CLANG_WARN_OBJC_ROOT_CLASS = YES_ERROR;
				CLANG_WARN_QUOTED_INCLUDE_IN_FRAMEWORK_HEADER = YES;
				CLANG_WARN_RANGE_LOOP_ANALYSIS = YES;
				CLANG_WARN_STRICT_PROTOTYPES = YES;
				CLANG_WARN_SUSPICIOUS_MOVE = YES;
				CLANG_WARN_UNGUARDED_AVAILABILITY = YES_AGGRESSIVE;
				CLANG_WARN_UNREACHABLE_CODE = YES;
				CLANG_WARN__DUPLICATE_METHOD_MATCH = YES;
				COPY_PHASE_STRIP = NO;
				DEBUG_INFORMATION_FORMAT = dwarf;
				ENABLE_STRICT_OBJC_MSGSEND = YES;
				ENABLE_TESTABILITY = YES;
				GCC_C_LANGUAGE_STANDARD = gnu11;
				GCC_DYNAMIC_NO_PIC = NO;
				GCC_NO_COMMON_BLOCKS = YES;
				GCC_OPTIMIZATION_LEVEL = 0;
				GCC_PREPROCESSOR_DEFINITIONS = (
					"DEBUG=1",
					"$(inherited)",
				);
				GCC_WARN_64_TO_32_BIT_CONVERSION = YES;
				GCC_WARN_ABOUT_RETURN_TYPE = YES_ERROR;
				GCC_WARN_UNDECLARED_SELECTOR = YES;
				GCC_WARN_UNINITIALIZED_AUTOS = YES_AGGRESSIVE;
				GCC_WARN_UNUSED_FUNCTION = YES;
				GCC_WARN_UNUSED_VARIABLE = YES;
				IPHONEOS_DEPLOYMENT_TARGET = 16.2;
				MTL_ENABLE_DEBUG_INFO = INCLUDE_SOURCE;
				MTL_FAST_MATH = YES;
				ONLY_ACTIVE_ARCH = YES;
				SDKROOT = iphoneos;
				SWIFT_ACTIVE_COMPILATION_CONDITIONS = DEBUG;
				SWIFT_OPTIMIZATION_LEVEL = "-Onone";
			};
			name = Debug;
		};
		2ED0E99F29ADD4830028B9B6 /* Release */ = {
			isa = XCBuildConfiguration;
			buildSettings = {
				ALWAYS_SEARCH_USER_PATHS = NO;
				CLANG_ANALYZER_NONNULL = YES;
				CLANG_ANALYZER_NUMBER_OBJECT_CONVERSION = YES_AGGRESSIVE;
				CLANG_CXX_LANGUAGE_STANDARD = "gnu++20";
				CLANG_ENABLE_MODULES = YES;
				CLANG_ENABLE_OBJC_ARC = YES;
				CLANG_ENABLE_OBJC_WEAK = YES;
				CLANG_WARN_BLOCK_CAPTURE_AUTORELEASING = YES;
				CLANG_WARN_BOOL_CONVERSION = YES;
				CLANG_WARN_COMMA = YES;
				CLANG_WARN_CONSTANT_CONVERSION = YES;
				CLANG_WARN_DEPRECATED_OBJC_IMPLEMENTATIONS = YES;
				CLANG_WARN_DIRECT_OBJC_ISA_USAGE = YES_ERROR;
				CLANG_WARN_DOCUMENTATION_COMMENTS = YES;
				CLANG_WARN_EMPTY_BODY = YES;
				CLANG_WARN_ENUM_CONVERSION = YES;
				CLANG_WARN_INFINITE_RECURSION = YES;
				CLANG_WARN_INT_CONVERSION = YES;
				CLANG_WARN_NON_LITERAL_NULL_CONVERSION = YES;
				CLANG_WARN_OBJC_IMPLICIT_RETAIN_SELF = YES;
				CLANG_WARN_OBJC_LITERAL_CONVERSION = YES;
				CLANG_WARN_OBJC_ROOT_CLASS = YES_ERROR;
				CLANG_WARN_QUOTED_INCLUDE_IN_FRAMEWORK_HEADER = YES;
				CLANG_WARN_RANGE_LOOP_ANALYSIS = YES;
				CLANG_WARN_STRICT_PROTOTYPES = YES;
				CLANG_WARN_SUSPICIOUS_MOVE = YES;
				CLANG_WARN_UNGUARDED_AVAILABILITY = YES_AGGRESSIVE;
				CLANG_WARN_UNREACHABLE_CODE = YES;
				CLANG_WARN__DUPLICATE_METHOD_MATCH = YES;
				COPY_PHASE_STRIP = NO;
				DEBUG_INFORMATION_FORMAT = "dwarf-with-dsym";
				ENABLE_NS_ASSERTIONS = NO;
				ENABLE_STRICT_OBJC_MSGSEND = YES;
				GCC_C_LANGUAGE_STANDARD = gnu11;
				GCC_NO_COMMON_BLOCKS = YES;
				GCC_WARN_64_TO_32_BIT_CONVERSION = YES;
				GCC_WARN_ABOUT_RETURN_TYPE = YES_ERROR;
				GCC_WARN_UNDECLARED_SELECTOR = YES;
				GCC_WARN_UNINITIALIZED_AUTOS = YES_AGGRESSIVE;
				GCC_WARN_UNUSED_FUNCTION = YES;
				GCC_WARN_UNUSED_VARIABLE = YES;
				IPHONEOS_DEPLOYMENT_TARGET = 16.2;
				MTL_ENABLE_DEBUG_INFO = NO;
				MTL_FAST_MATH = YES;
				SDKROOT = iphoneos;
				SWIFT_COMPILATION_MODE = wholemodule;
				SWIFT_OPTIMIZATION_LEVEL = "-O";
				VALIDATE_PRODUCT = YES;
			};
			name = Release;
		};
		2ED0E9A129ADD4830028B9B6 /* Debug */ = {
			isa = XCBuildConfiguration;
			buildSettings = {
				ASSETCATALOG_COMPILER_APPICON_NAME = AppIcon;
				ASSETCATALOG_COMPILER_GLOBAL_ACCENT_COLOR_NAME = AccentColor;
				CODE_SIGN_STYLE = Automatic;
				CURRENT_PROJECT_VERSION = 1;
				DEVELOPMENT_ASSET_PATHS = "\"PostMinde/Preview Content\"";
				DEVELOPMENT_TEAM = 789V3BEY84;
				ENABLE_PREVIEWS = YES;
				GENERATE_INFOPLIST_FILE = YES;
				INFOPLIST_FILE = PostMinde/Info.plist;
				INFOPLIST_KEY_UIApplicationSceneManifest_Generation = YES;
				INFOPLIST_KEY_UIApplicationSupportsIndirectInputEvents = YES;
				INFOPLIST_KEY_UILaunchScreen_Generation = YES;
				INFOPLIST_KEY_UISupportedInterfaceOrientations_iPad = "UIInterfaceOrientationPortrait UIInterfaceOrientationPortraitUpsideDown UIInterfaceOrientationLandscapeLeft UIInterfaceOrientationLandscapeRight";
				INFOPLIST_KEY_UISupportedInterfaceOrientations_iPhone = "UIInterfaceOrientationPortrait UIInterfaceOrientationLandscapeLeft UIInterfaceOrientationLandscapeRight";
				LD_RUNPATH_SEARCH_PATHS = (
					"$(inherited)",
					"@executable_path/Frameworks",
				);
				MARKETING_VERSION = 1.0;
				PRODUCT_BUNDLE_IDENTIFIER = EmilioYoltic.PostMinde;
				PRODUCT_NAME = "$(TARGET_NAME)";
				SWIFT_EMIT_LOC_STRINGS = YES;
				SWIFT_VERSION = 5.0;
				TARGETED_DEVICE_FAMILY = "1,2";
			};
			name = Debug;
		};
		2ED0E9A229ADD4830028B9B6 /* Release */ = {
			isa = XCBuildConfiguration;
			buildSettings = {
				ASSETCATALOG_COMPILER_APPICON_NAME = AppIcon;
				ASSETCATALOG_COMPILER_GLOBAL_ACCENT_COLOR_NAME = AccentColor;
				CODE_SIGN_STYLE = Automatic;
				CURRENT_PROJECT_VERSION = 1;
				DEVELOPMENT_ASSET_PATHS = "\"PostMinde/Preview Content\"";
				DEVELOPMENT_TEAM = 789V3BEY84;
				ENABLE_PREVIEWS = YES;
				GENERATE_INFOPLIST_FILE = YES;
				INFOPLIST_FILE = PostMinde/Info.plist;
				INFOPLIST_KEY_UIApplicationSceneManifest_Generation = YES;
				INFOPLIST_KEY_UIApplicationSupportsIndirectInputEvents = YES;
				INFOPLIST_KEY_UILaunchScreen_Generation = YES;
				INFOPLIST_KEY_UISupportedInterfaceOrientations_iPad = "UIInterfaceOrientationPortrait UIInterfaceOrientationPortraitUpsideDown UIInterfaceOrientationLandscapeLeft UIInterfaceOrientationLandscapeRight";
				INFOPLIST_KEY_UISupportedInterfaceOrientations_iPhone = "UIInterfaceOrientationPortrait UIInterfaceOrientationLandscapeLeft UIInterfaceOrientationLandscapeRight";
				LD_RUNPATH_SEARCH_PATHS = (
					"$(inherited)",
					"@executable_path/Frameworks",
				);
				MARKETING_VERSION = 1.0;
				PRODUCT_BUNDLE_IDENTIFIER = EmilioYoltic.PostMinde;
				PRODUCT_NAME = "$(TARGET_NAME)";
				SWIFT_EMIT_LOC_STRINGS = YES;
				SWIFT_VERSION = 5.0;
				TARGETED_DEVICE_FAMILY = "1,2";
			};
			name = Release;
		};
/* End XCBuildConfiguration section */

/* Begin XCConfigurationList section */
		2ED0E98D29ADD4810028B9B6 /* Build configuration list for PBXProject "PostMinde" */ = {
			isa = XCConfigurationList;
			buildConfigurations = (
				2ED0E99E29ADD4830028B9B6 /* Debug */,
				2ED0E99F29ADD4830028B9B6 /* Release */,
			);
			defaultConfigurationIsVisible = 0;
			defaultConfigurationName = Release;
		};
		2ED0E9A029ADD4830028B9B6 /* Build configuration list for PBXNativeTarget "PostMinde" */ = {
			isa = XCConfigurationList;
			buildConfigurations = (
				2ED0E9A129ADD4830028B9B6 /* Debug */,
				2ED0E9A229ADD4830028B9B6 /* Release */,
			);
			defaultConfigurationIsVisible = 0;
			defaultConfigurationName = Release;
		};
/* End XCConfigurationList section */
	};
	rootObject = 2ED0E98A29ADD4810028B9B6 /* Project object */;
}
